
Microsoft Visual Studio Solution File, Format Version 12.00
# Visual Studio Version 16
VisualStudioVersion = 16.0.31605.320
MinimumVisualStudioVersion = 10.0.40219.1
Project("{FAE04EC0-301F-11D3-BF4B-00C04F79EFBC}") = "ConsoleApp3", "ConsoleApp3\ConsoleApp3.csproj", "{F0BE0594-7E7E-4178-829F-617F11974118}"
EndProject
Project("{FAE04EC0-301F-11D3-BF4B-00C04F79EFBC}") = "WCFRecipient1.ConsoleHost", "WCFRecipient1.ConsoleHost\WCFRecipient1.ConsoleHost.csproj", "{CBBCE7DD-502F-4909-94BC-A9B3573D72E4}"
EndProject
Global
	GlobalSection(SolutionConfigurationPlatforms) = preSolution
		Debug|Any CPU = Debug|Any CPU
		Release|Any CPU = Release|Any CPU
	EndGlobalSection
	GlobalSection(ProjectConfigurationPlatforms) = postSolution
		{F0BE0594-7E7E-4178-829F-617F11974118}.Debug|Any CPU.ActiveCfg = Debug|Any CPU
		{F0BE0594-7E7E-4178-829F-617F11974118}.Debug|Any CPU.Build.0 = Debug|Any CPU
		{F0BE0594-7E7E-4178-829F-617F11974118}.Release|Any CPU.ActiveCfg = Release|Any CPU
		{F0BE0594-7E7E-4178-829F-617F11974118}.Release|Any CPU.Build.0 = Release|Any CPU
		{CBBCE7DD-502F-4909-94BC-A9B3573D72E4}.Debug|Any CPU.ActiveCfg = Debug|Any CPU
		{CBBCE7DD-502F-4909-94BC-A9B3573D72E4}.Debug|Any CPU.Build.0 = Debug|Any CPU
		{CBBCE7DD-502F-4909-94BC-A9B3573D72E4}.Release|Any CPU.ActiveCfg = Release|Any CPU
		{CBBCE7DD-502F-4909-94BC-A9B3573D72E4}.Release|Any CPU.Build.0 = Release|Any CPU
	EndGlobalSection
	GlobalSection(SolutionProperties) = preSolution
		HideSolutionNode = FALSE
	EndGlobalSection
	GlobalSection(ExtensibilityGlobals) = postSolution
		SolutionGuid = {EDF69532-EA8C-4FC5-89A5-703F9754B6C4}
	EndGlobalSection
EndGlobal
