
Microsoft Visual Studio Solution File, Format Version 12.00
# Visual Studio Version 16
VisualStudioVersion = 16.0.31605.320
MinimumVisualStudioVersion = 10.0.40219.1
Project("{FAE04EC0-301F-11D3-BF4B-00C04F79EFBC}") = "MsgRecipient", "MsgRecipient\MsgRecipient.csproj", "{5497D1D9-ADA9-480B-A42E-3B87DF0160E5}"
EndProject
Project("{FAE04EC0-301F-11D3-BF4B-00C04F79EFBC}") = "RestRecipient.ConsoleHost", "RestRecipient.ConsoleHost\RestRecipient.ConsoleHost.csproj", "{EA27E197-0CF4-43E0-A166-911E2DCE4916}"
EndProject
Global
	GlobalSection(SolutionConfigurationPlatforms) = preSolution
		Debug|Any CPU = Debug|Any CPU
		Release|Any CPU = Release|Any CPU
	EndGlobalSection
	GlobalSection(ProjectConfigurationPlatforms) = postSolution
		{5497D1D9-ADA9-480B-A42E-3B87DF0160E5}.Debug|Any CPU.ActiveCfg = Debug|Any CPU
		{5497D1D9-ADA9-480B-A42E-3B87DF0160E5}.Debug|Any CPU.Build.0 = Debug|Any CPU
		{5497D1D9-ADA9-480B-A42E-3B87DF0160E5}.Release|Any CPU.ActiveCfg = Release|Any CPU
		{5497D1D9-ADA9-480B-A42E-3B87DF0160E5}.Release|Any CPU.Build.0 = Release|Any CPU
		{EA27E197-0CF4-43E0-A166-911E2DCE4916}.Debug|Any CPU.ActiveCfg = Debug|Any CPU
		{EA27E197-0CF4-43E0-A166-911E2DCE4916}.Debug|Any CPU.Build.0 = Debug|Any CPU
		{EA27E197-0CF4-43E0-A166-911E2DCE4916}.Release|Any CPU.ActiveCfg = Release|Any CPU
		{EA27E197-0CF4-43E0-A166-911E2DCE4916}.Release|Any CPU.Build.0 = Release|Any CPU
	EndGlobalSection
	GlobalSection(SolutionProperties) = preSolution
		HideSolutionNode = FALSE
	EndGlobalSection
	GlobalSection(ExtensibilityGlobals) = postSolution
		SolutionGuid = {08DAD046-C574-44A3-B25F-F74E3F46F5D5}
	EndGlobalSection
EndGlobal
